PODS:
  - JXCategoryView (1.5.8)
  - JXPagingView/Pager (2.0.10)

DEPENDENCIES:
  - JXCategoryView (from `../../JXCategoryView`)
  - JXPagingView/Pager

SPEC REPOS:
  https://github.com/CocoaPods/Specs.git:
    - JXPagingView

EXTERNAL SOURCES:
  JXCategoryView:
    :path: "../../JXCategoryView"

SPEC CHECKSUMS:
  JXCategoryView: 778a620f76070d6598fd8d7239991b8da8326170
  JXPagingView: 7db39b9562d5fac20ac6903e6f3d2fcbc86ae542

PODFILE CHECKSUM: eeaeae8638778f2993ed7a403b59d48ec34c8611

COCOAPODS: 1.10.1
